
Microsoft Visual Studio Solution File, Format Version 12.00
# Visual Studio Version 16
VisualStudioVersion = 16.0.32802.440
MinimumVisualStudioVersion = 10.0.40219.1
Project("{FAE04EC0-301F-11D3-BF4B-00C04F79EFBC}") = "WinFormsApp_Gmap.NET", "WinFormsApp_Gmap.NET\WinFormsApp_Gmap.NET.csproj", "{C80647CF-5F88-4F4A-B016-D7DE763E591C}"
EndProject
Global
	GlobalSection(SolutionConfigurationPlatforms) = preSolution
		Debug|Any CPU = Debug|Any CPU
		Release|Any CPU = Release|Any CPU
	EndGlobalSection
	GlobalSection(ProjectConfigurationPlatforms) = postSolution
		{C80647CF-5F88-4F4A-B016-D7DE763E591C}.Debug|Any CPU.ActiveCfg = Debug|Any CPU
		{C80647CF-5F88-4F4A-B016-D7DE763E591C}.Debug|Any CPU.Build.0 = Debug|Any CPU
		{C80647CF-5F88-4F4A-B016-D7DE763E591C}.Release|Any CPU.ActiveCfg = Release|Any CPU
		{C80647CF-5F88-4F4A-B016-D7DE763E591C}.Release|Any CPU.Build.0 = Release|Any CPU
	EndGlobalSection
	GlobalSection(SolutionProperties) = preSolution
		HideSolutionNode = FALSE
	EndGlobalSection
	GlobalSection(ExtensibilityGlobals) = postSolution
		SolutionGuid = {B4762A21-BD19-4E43-A880-E5D073B9A19F}
	EndGlobalSection
EndGlobal
